version = 1
revision = 3
requires-python = "==3.12.*"
resolution-markers = [
    "sys_platform == 'linux' or sys_platform == 'win32'",
    "sys_platform != 'linux' and sys_platform != 'win32'",
]

[[package]]
name = "absl-py"
version = "2.5.0"
source = { registry = "https://pypi.org/simple" }

[[package]]
name = "accelerate"
version = "1.14.0"
source = { registry = "https://pypi.org/simple" }
dependencies = [
    { name = "huggingface-hub" },
    { name = "numpy" },
    { name = "packaging" },
    { name = "psutil" },
    { name = "pyyaml" },
    { name = "safetensors" },
    { name = "torch", version = "2.11.0", source = { registry = "https://pypi.org/simple" }, marker = "sys_platform != 'linux' and sys_platform != 'win32'" },
    { name = "torch", version = "2.11.0+cu126", source = { registry = "https://download.pytorch.org/whl/cu126" }, marker = "sys_platform == 'linux' or sys_platform == 'win32'" },
]

[[package]]
name = "aiohappyeyeballs"
version = "2.7.1"
source = { registry = "https://pypi.org/simple" }

[[package]]
name = "aiohttp"
version = "3.14.3"
source = { registry = "https://pypi.org/simple" }
dependencies = [
    { name = "aiohappyeyeballs" },
    { name = "aiosignal" },
    { name = "attrs" },
    { name = "frozenlist" },
    { name = "multidict" },
    { name = "propcache" },
    { name = "typing-extensions" },
    { name = "yarl" },
]

[[package]]
name = "aiosignal"
version = "1.4.0"
source = { registry = "https://pypi.org/simple" }
dependencies = [
    { name = "frozenlist" },
    { name = "typing-extensions" },
]

[[package]]
name = "annotated-types"
version = "0.8.0"
source = { registry = "https://pypi.org/simple" }

[[package]]
name = "attrs"
version = "26.1.0"
source = { registry = "https://pypi.org/simple" }

[[package]]
name = "audioread"
version = "3.1.0"
source = { registry = "https://pypi.org/simple" }

[[package]]
name = "av"
version = "18.0.0"
source = { registry = "https://pypi.org/simple" }

[[package]]
name = "budoux"
version = "0.9.0"
source = { registry = "https://pypi.org/simple" }

[[package]]
name = "certifi"
version = "2026.7.22"
source = { registry = "https://pypi.org/simple" }

[[package]]
name = "cffi"
version = "2.1.1"
source = { registry = "https://pypi.org/simple" }
dependencies = [
    { name = "pycparser", marker = "implementation_name != 'PyPy'" },
]

[[package]]
name = "charset-normalizer"
version = "3.5.0"
source = { registry = "https://pypi.org/simple" }

[[package]]
name = "click"
version = "8.4.2"
source = { registry = "https://pypi.org/simple" }
dependencies = [
    { name = "colorama", marker = "sys_platform == 'win32'" },
]

[[package]]
name = "cn2an"
version = "0.5.24"
source = { registry = "https://pypi.org/simple" }
dependencies = [
    { name = "proces" },
]

[[package]]
name = "colorama"
version = "0.4.6"
source = { registry = "https://pypi.org/simple" }

[[package]]
name = "colorlog"
version = "6.12.0"
source = { registry = "https://pypi.org/simple" }
dependencies = [
    { name = "colorama", marker = "sys_platform == 'win32'" },
]

[[package]]
name = "contourpy"
version = "1.3.3"
source = { registry = "https://pypi.org/simple" }
dependencies = [
    { name = "numpy" },
]

[[package]]
name = "ctranslate2"
version = "4.8.1"
source = { registry = "https://pypi.org/simple" }
dependencies = [
    { name = "numpy" },
    { name = "pyyaml" },
    { name = "setuptools" },
]

[[package]]
name = "cuda-bindings"
version = "12.9.7"
source = { registry = "https://pypi.org/simple" }
dependencies = [
    { name = "cuda-pathfinder" },
]

[[package]]
name = "cuda-pathfinder"
version = "1.6.0"
source = { registry = "https://pypi.org/simple" }

[[package]]
name = "cuda-toolkit"
version = "12.6.3"
source = { registry = "https://pypi.org/simple" }

[package.optional-dependencies]
cublas = [
    { name = "nvidia-cublas-cu12" },
]
cudart = [
    { name = "nvidia-cuda-runtime-cu12" },
]
cufft = [
    { name = "nvidia-cufft-cu12" },
]
cufile = [
    { name = "nvidia-cufile-cu12" },
]
cupti = [
    { name = "nvidia-cuda-cupti-cu12" },
]
curand = [
    { name = "nvidia-curand-cu12" },
]
cusolver = [
    { name = "nvidia-cusolver-cu12" },
]
cusparse = [
    { name = "nvidia-cusparse-cu12" },
]
nvjitlink = [
    { name = "nvidia-nvjitlink-cu12" },
]
nvrtc = [
    { name = "nvidia-cuda-nvrtc-cu12" },
]
nvtx = [
    { name = "nvidia-nvtx-cu12" },
]

[[package]]
name = "cycler"
version = "0.12.1"
source = { registry = "https://pypi.org/simple" }

[[package]]
name = "decorator"
version = "5.3.1"
source = { registry = "https://pypi.org/simple" }

[[package]]
name = "defusedxml"
version = "0.7.1"
source = { registry = "https://pypi.org/simple" }

[[package]]
name = "distance"
version = "0.1.3"
source = { registry = "https://pypi.org/simple" }

[[package]]
name = "einops"
version = "0.8.2"
source = { registry = "https://pypi.org/simple" }

[[package]]
name = "einx"
version = "0.4.3"
source = { registry = "https://pypi.org/simple" }
dependencies = [
    { name = "frozendict" },
    { name = "numpy" },
    { name = "sympy" },
]

[[package]]
name = "fast-langdetect"
version = "1.0.1"
source = { registry = "https://pypi.org/simple" }
dependencies = [
    { name = "fasttext-predict" },
    { name = "requests" },
    { name = "robust-downloader" },
]

[[package]]
name = "faster-whisper"
version = "1.2.1"
source = { registry = "https://pypi.org/simple" }
dependencies = [
    { name = "av" },
    { name = "ctranslate2" },
    { name = "huggingface-hub" },
    { name = "onnxruntime" },
    { name = "tokenizers" },
    { name = "tqdm" },
]

[[package]]
name = "fasttext-predict"
version = "0.9.2.4"
source = { registry = "https://pypi.org/simple" }

[[package]]
name = "ffmpeg-python"
version = "0.2.0"
source = { registry = "https://pypi.org/simple" }
dependencies = [
    { name = "future" },
]

[[package]]
name = "filelock"
version = "3.32.2"
source = { registry = "https://pypi.org/simple" }

[[package]]
name = "flatbuffers"
version = "25.12.19"
source = { registry = "https://pypi.org/simple" }

[[package]]
name = "fonttools"
version = "4.63.0"
source = { registry = "https://pypi.org/simple" }

[[package]]
name = "frozendict"
version = "2.4.7"
source = { registry = "https://pypi.org/simple" }

[[package]]
name = "frozenlist"
version = "1.8.0"
source = { registry = "https://pypi.org/simple" }

[[package]]
name = "fsspec"
version = "2026.7.0"
source = { registry = "https://pypi.org/simple" }

[package.optional-dependencies]
http = [
    { name = "aiohttp" },
]

[[package]]
name = "future"
version = "1.0.0"
source = { registry = "https://pypi.org/simple" }

[[package]]
name = "g2p-en"
version = "2.1.0"
source = { registry = "https://pypi.org/simple" }
dependencies = [
    { name = "distance" },
    { name = "inflect" },
    { name = "nltk" },
    { name = "numpy" },
]

[[package]]
name = "grpcio"
version = "1.83.0"
source = { registry = "https://pypi.org/simple" }
dependencies = [
    { name = "typing-extensions" },
]

[[package]]
name = "hf-xet"
version = "1.6.0"
source = { registry = "https://pypi.org/simple" }

[[package]]
name = "huggingface-hub"
version = "0.36.2"
source = { registry = "https://pypi.org/simple" }
dependencies = [
    { name = "filelock" },
    { name = "fsspec" },
    { name = "hf-xet", marker = "platform_machine == 'aarch64' or platform_machine == 'amd64' or platform_machine == 'arm64' or platform_machine == 'x86_64'" },
    { name = "packaging" },
    { name = "pyyaml" },
    { name = "requests" },
    { name = "tqdm" },
    { name = "typing-extensions" },
]

[[package]]
name = "idna"
version = "3.18"
source = { registry = "https://pypi.org/simple" }

[[package]]
name = "inflect"
version = "7.5.0"
source = { registry = "https://pypi.org/simple" }
dependencies = [
    { name = "more-itertools" },
    { name = "typeguard" },
]

[[package]]
name = "iniconfig"
version = "2.3.0"
source = { registry = "https://pypi.org/simple" }

[[package]]
name = "jieba"
version = "0.42.1"
source = { registry = "https://pypi.org/simple" }

[[package]]
name = "jieba-fast"
version = "0.53"
source = { registry = "https://pypi.org/simple" }

[[package]]
name = "jinja2"
version = "3.1.6"
source = { registry = "https://pypi.org/simple" }
dependencies = [
    { name = "markupsafe" },
]

[[package]]
name = "joblib"
version = "1.5.3"
source = { registry = "https://pypi.org/simple" }

[[package]]
name = "kiwisolver"
version = "1.5.0"
source = { registry = "https://pypi.org/simple" }

[[package]]
name = "lazy-loader"
version = "0.5"
source = { registry = "https://pypi.org/simple" }
dependencies = [
    { name = "packaging" },
]

[[package]]
name = "librosa"
version = "0.10.2"
source = { registry = "https://pypi.org/simple" }
dependencies = [
    { name = "audioread" },
    { name = "decorator" },
    { name = "joblib" },
    { name = "lazy-loader" },
    { name = "msgpack" },
    { name = "numba" },
    { name = "numpy" },
    { name = "pooch" },
    { name = "scikit-learn" },
    { name = "scipy" },
    { name = "soundfile" },
    { name = "soxr" },
    { name = "typing-extensions" },
]

[[package]]
name = "lightning-utilities"
version = "0.15.3"
source = { registry = "https://pypi.org/simple" }
dependencies = [
    { name = "packaging" },
    { name = "typing-extensions" },
]

[[package]]
name = "llvmlite"
version = "0.49.0"
source = { registry = "https://pypi.org/simple" }

[[package]]
name = "loguru"
version = "0.7.3"
source = { registry = "https://pypi.org/simple" }
dependencies = [
    { name = "colorama", marker = "sys_platform == 'win32'" },
    { name = "win32-setctime", marker = "sys_platform == 'win32'" },
]

[[package]]
name = "markdown"
version = "3.10.3"
source = { registry = "https://pypi.org/simple" }

[[package]]
name = "markupsafe"
version = "3.0.3"
source = { registry = "https://pypi.org/simple" }

[[package]]
name = "matplotlib"
version = "3.11.1"
source = { registry = "https://pypi.org/simple" }
dependencies = [
    { name = "contourpy" },
    { name = "cycler" },
    { name = "fonttools" },
    { name = "kiwisolver" },
    { name = "numpy" },
    { name = "packaging" },
    { name = "pillow" },
    { name = "pyparsing" },
    { name = "python-dateutil" },
]

[[package]]
name = "more-itertools"
version = "11.1.0"
source = { registry = "https://pypi.org/simple" }

[[package]]
name = "mpmath"
version = "1.3.0"
source = { registry = "https://pypi.org/simple" }

[[package]]
name = "msgpack"
version = "1.2.1"
source = { registry = "https://pypi.org/simple" }

[[package]]
name = "multidict"
version = "6.7.1"
source = { registry = "https://pypi.org/simple" }

[[package]]
name = "narwhals"
version = "2.24.0"
source = { registry = "https://pypi.org/simple" }

[[package]]
name = "networkx"
version = "3.6.1"
source = { registry = "https://pypi.org/simple" }

[[package]]
name = "nltk"
version = "3.10.3"
source = { registry = "https://pypi.org/simple" }
dependencies = [
    { name = "click" },
    { name = "defusedxml" },
    { name = "joblib" },
    { name = "regex" },
    { name = "tqdm" },
]

[[package]]
name = "numba"
version = "0.67.0"
source = { registry = "https://pypi.org/simple" }
dependencies = [
    { name = "llvmlite" },
    { name = "numpy" },
]

[[package]]
name = "numpy"
version = "1.26.4"
source = { registry = "https://pypi.org/simple" }

[[package]]
name = "nvidia-cublas-cu12"
version = "12.6.4.1"
source = { registry = "https://pypi.org/simple" }

[[package]]
name = "nvidia-cuda-cupti-cu12"
version = "12.6.80"
source = { registry = "https://pypi.org/simple" }

[[package]]
name = "nvidia-cuda-nvrtc-cu12"
version = "12.6.85"
source = { registry = "https://pypi.org/simple" }

[[package]]
name = "nvidia-cuda-runtime-cu12"
version = "12.6.77"
source = { registry = "https://pypi.org/simple" }

[[package]]
name = "nvidia-cudnn-cu12"
version = "9.10.2.21"
source = { registry = "https://pypi.org/simple" }
dependencies = [
    { name = "nvidia-cublas-cu12" },
]

[[package]]
name = "nvidia-cufft-cu12"
version = "11.3.0.4"
source = { registry = "https://pypi.org/simple" }
dependencies = [
    { name = "nvidia-nvjitlink-cu12" },
]

[[package]]
name = "nvidia-cufile-cu12"
version = "1.11.1.6"
source = { registry = "https://pypi.org/simple" }

[[package]]
name = "nvidia-curand-cu12"
version = "10.3.7.77"
source = { registry = "https://pypi.org/simple" }

[[package]]
name = "nvidia-cusolver-cu12"
version = "11.7.1.2"
source = { registry = "https://pypi.org/simple" }
dependencies = [
    { name = "nvidia-cublas-cu12" },
    { name = "nvidia-cusparse-cu12" },
    { name = "nvidia-nvjitlink-cu12" },
]

[[package]]
name = "nvidia-cusparse-cu12"
version = "12.5.4.2"
source = { registry = "https://pypi.org/simple" }
dependencies = [
    { name = "nvidia-nvjitlink-cu12" },
]

[[package]]
name = "nvidia-cusparselt-cu12"
version = "0.7.1"
source = { registry = "https://pypi.org/simple" }

[[package]]
name = "nvidia-nccl-cu12"
version = "2.28.9"
source = { registry = "https://pypi.org/simple" }

[[package]]
name = "nvidia-nvjitlink-cu12"
version = "12.6.85"
source = { registry = "https://pypi.org/simple" }

[[package]]
name = "nvidia-nvshmem-cu12"
version = "3.4.5"
source = { registry = "https://pypi.org/simple" }

[[package]]
name = "nvidia-nvtx-cu12"
version = "12.6.77"
source = { registry = "https://pypi.org/simple" }

[[package]]
name = "onnxruntime"
version = "1.28.0"
source = { registry = "https://pypi.org/simple" }
dependencies = [
    { name = "flatbuffers" },
    { name = "numpy" },
    { name = "packaging" },
    { name = "protobuf" },
]

[[package]]
name = "packaging"
version = "26.3"
source = { registry = "https://pypi.org/simple" }

[[package]]
name = "pandas"
version = "3.0.5"
source = { registry = "https://pypi.org/simple" }
dependencies = [
    { name = "numpy" },
    { name = "python-dateutil" },
    { name = "tzdata", marker = "sys_platform == 'emscripten' or sys_platform == 'win32'" },
]

[[package]]
name = "peft"
version = "0.17.1"
source = { registry = "https://pypi.org/simple" }
dependencies = [
    { name = "accelerate" },
    { name = "huggingface-hub" },
    { name = "numpy" },
    { name = "packaging" },
    { name = "psutil" },
    { name = "pyyaml" },
    { name = "safetensors" },
    { name = "torch", version = "2.11.0", source = { registry = "https://pypi.org/simple" }, marker = "sys_platform != 'linux' and sys_platform != 'win32'" },
    { name = "torch", version = "2.11.0+cu126", source = { registry = "https://download.pytorch.org/whl/cu126" }, marker = "sys_platform == 'linux' or sys_platform == 'win32'" },
    { name = "tqdm" },
    { name = "transformers" },
]

[[package]]
name = "pillow"
version = "12.3.0"
source = { registry = "https://pypi.org/simple" }

[[package]]
name = "platformdirs"
version = "4.11.2"
source = { registry = "https://pypi.org/simple" }

[[package]]
name = "pluggy"
version = "1.6.0"
source = { registry = "https://pypi.org/simple" }

[[package]]
name = "pooch"
version = "1.9.0"
source = { registry = "https://pypi.org/simple" }
dependencies = [
    { name = "packaging" },
    { name = "platformdirs" },
    { name = "requests" },
]

[[package]]
name = "proces"
version = "0.1.7"
source = { registry = "https://pypi.org/simple" }

[[package]]
name = "propcache"
version = "0.5.2"
source = { registry = "https://pypi.org/simple" }

[[package]]
name = "protobuf"
version = "7.35.1"
source = { registry = "https://pypi.org/simple" }

[[package]]
name = "psutil"
version = "7.2.2"
source = { registry = "https://pypi.org/simple" }

[[package]]
name = "pycparser"
version = "3.0"
source = { registry = "https://pypi.org/simple" }

[[package]]
name = "pydantic"
version = "2.13.4"
source = { registry = "https://pypi.org/simple" }
dependencies = [
    { name = "annotated-types" },
    { name = "pydantic-core" },
    { name = "typing-extensions" },
    { name = "typing-inspection" },
]

[[package]]
name = "pydantic-core"
version = "2.46.4"
source = { registry = "https://pypi.org/simple" }
dependencies = [
    { name = "typing-extensions" },
]

[[package]]
name = "pygments"
version = "2.20.0"
source = { registry = "https://pypi.org/simple" }

[[package]]
name = "pyparsing"
version = "3.3.2"
source = { registry = "https://pypi.org/simple" }

[[package]]
name = "pypinyin"
version = "0.55.0"
source = { registry = "https://pypi.org/simple" }

[[package]]
name = "pytest"
version = "9.1.1"
source = { registry = "https://pypi.org/simple" }
dependencies = [
    { name = "colorama", marker = "sys_platform == 'win32'" },
    { name = "iniconfig" },
    { name = "packaging" },
    { name = "pluggy" },
    { name = "pygments" },
]

[[package]]
name = "python-dateutil"
version = "2.9.0.post0"
source = { registry = "https://pypi.org/simple" }
dependencies = [
    { name = "six" },
]

[[package]]
name = "pytorch-lightning"
version = "2.6.5"
source = { registry = "https://pypi.org/simple" }
dependencies = [
    { name = "fsspec", extra = ["http"] },
    { name = "lightning-utilities" },
    { name = "packaging" },
    { name = "pyyaml" },
    { name = "torch", version = "2.11.0", source = { registry = "https://pypi.org/simple" }, marker = "sys_platform != 'linux' and sys_platform != 'win32'" },
    { name = "torch", version = "2.11.0+cu126", source = { registry = "https://download.pytorch.org/whl/cu126" }, marker = "sys_platform == 'linux' or sys_platform == 'win32'" },
    { name = "torchmetrics" },
    { name = "tqdm" },
    { name = "typing-extensions" },
]

[[package]]
name = "pyyaml"
version = "6.0.3"
source = { registry = "https://pypi.org/simple" }

[[package]]
name = "regex"
version = "2026.7.19"
source = { registry = "https://pypi.org/simple" }

[[package]]
name = "requests"
version = "2.34.2"
source = { registry = "https://pypi.org/simple" }
dependencies = [
    { name = "certifi" },
    { name = "charset-normalizer" },
    { name = "idna" },
    { name = "urllib3" },
]

[[package]]
name = "robust-downloader"
version = "0.0.2"
source = { registry = "https://pypi.org/simple" }
dependencies = [
    { name = "colorlog" },
    { name = "requests" },
    { name = "tqdm" },
]

[[package]]
name = "rotary-embedding-torch"
version = "0.9.1"
source = { registry = "https://pypi.org/simple" }
dependencies = [
    { name = "einops" },
    { name = "torch", version = "2.11.0", source = { registry = "https://pypi.org/simple" }, marker = "sys_platform != 'linux' and sys_platform != 'win32'" },
    { name = "torch", version = "2.11.0+cu126", source = { registry = "https://download.pytorch.org/whl/cu126" }, marker = "sys_platform == 'linux' or sys_platform == 'win32'" },
]

[[package]]
name = "ruff"
version = "0.16.2"
source = { registry = "https://pypi.org/simple" }

[[package]]
name = "sacremoses"
version = "0.1.1"
source = { registry = "https://pypi.org/simple" }
dependencies = [
    { name = "click" },
    { name = "joblib" },
    { name = "regex" },
    { name = "tqdm" },
]

[[package]]
name = "safetensors"
version = "0.8.0"
source = { registry = "https://pypi.org/simple" }

[[package]]
name = "scikit-learn"
version = "1.9.0"
source = { registry = "https://pypi.org/simple" }
dependencies = [
    { name = "joblib" },
    { name = "narwhals" },
    { name = "numpy" },
    { name = "scipy" },
    { name = "threadpoolctl" },
]

[[package]]
name = "scipy"
version = "1.17.1"
source = { registry = "https://pypi.org/simple" }
dependencies = [
    { name = "numpy" },
]

[[package]]
name = "sentencepiece"
version = "0.2.2"
source = { registry = "https://pypi.org/simple" }

[[package]]
name = "setuptools"
version = "81.0.0"
source = { registry = "https://pypi.org/simple" }

[[package]]
name = "six"
version = "1.17.0"
source = { registry = "https://pypi.org/simple" }

[[package]]
name = "soundfile"
version = "0.14.0"
source = { registry = "https://pypi.org/simple" }
dependencies = [
    { name = "cffi" },
    { name = "numpy" },
    { name = "typing-extensions" },
]

[[package]]
name = "soxr"
version = "1.1.0"
source = { registry = "https://pypi.org/simple" }
dependencies = [
    { name = "numpy" },
]

[[package]]
name = "split-lang"
version = "2.1.1"
source = { registry = "https://pypi.org/simple" }
dependencies = [
    { name = "budoux" },
    { name = "fast-langdetect" },
    { name = "pydantic" },
]

[[package]]
name = "sympy"
version = "1.14.0"
source = { registry = "https://pypi.org/simple" }
dependencies = [
    { name = "mpmath" },
]

[[package]]
name = "tensorboard"
version = "2.21.0"
source = { registry = "https://pypi.org/simple" }
dependencies = [
    { name = "absl-py" },
    { name = "grpcio" },
    { name = "markdown" },
    { name = "numpy" },
    { name = "packaging" },
    { name = "pillow" },
    { name = "protobuf" },
    { name = "setuptools" },
    { name = "tensorboard-data-server" },
    { name = "werkzeug" },
]

[[package]]
name = "tensorboard-data-server"
version = "0.7.2"
source = { registry = "https://pypi.org/simple" }

[[package]]
name = "threadpoolctl"
version = "3.6.0"
source = { registry = "https://pypi.org/simple" }

[[package]]
name = "tokenizers"
version = "0.21.4"
source = { registry = "https://pypi.org/simple" }
dependencies = [
    { name = "huggingface-hub" },
]

[[package]]
name = "torch"
version = "2.11.0"
source = { registry = "https://pypi.org/simple" }
resolution-markers = [
    "sys_platform != 'linux' and sys_platform != 'win32'",
]
dependencies = [
    { name = "filelock" },
    { name = "fsspec" },
    { name = "jinja2" },
    { name = "networkx" },
    { name = "setuptools" },
    { name = "sympy" },
    { name = "typing-extensions" },
]

[[package]]
name = "torch"
version = "2.11.0+cu126"
source = { registry = "https://download.pytorch.org/whl/cu126" }
resolution-markers = [
    "sys_platform == 'linux' or sys_platform == 'win32'",
]
dependencies = [
    { name = "cuda-bindings", marker = "sys_platform != 'win32'" },
    { name = "cuda-toolkit", extra = ["cublas", "cudart", "cufft", "cufile", "cupti", "curand", "cusolver", "cusparse", "nvjitlink", "nvrtc", "nvtx"], marker = "sys_platform != 'win32'" },
    { name = "filelock" },
    { name = "fsspec" },
    { name = "jinja2" },
    { name = "networkx" },
    { name = "nvidia-cudnn-cu12", marker = "sys_platform != 'win32'" },
    { name = "nvidia-cusparselt-cu12", marker = "sys_platform != 'win32'" },
    { name = "nvidia-nccl-cu12", marker = "sys_platform != 'win32'" },
    { name = "nvidia-nvshmem-cu12", marker = "sys_platform != 'win32'" },
    { name = "setuptools" },
    { name = "sympy" },
    { name = "triton", marker = "sys_platform != 'win32'" },
    { name = "typing-extensions" },
]

[[package]]
name = "torch-einops-utils"
version = "0.1.19"
source = { registry = "https://pypi.org/simple" }
dependencies = [
    { name = "einops" },
    { name = "torch", version = "2.11.0", source = { registry = "https://pypi.org/simple" }, marker = "sys_platform != 'linux' and sys_platform != 'win32'" },
    { name = "torch", version = "2.11.0+cu126", source = { registry = "https://download.pytorch.org/whl/cu126" }, marker = "sys_platform == 'linux' or sys_platform == 'win32'" },
]

[[package]]
name = "torchaudio"
version = "2.11.0"
source = { registry = "https://pypi.org/simple" }
resolution-markers = [
    "sys_platform != 'linux' and sys_platform != 'win32'",
]

[[package]]
name = "torchaudio"
version = "2.11.0+cu126"
source = { registry = "https://download.pytorch.org/whl/cu126" }
resolution-markers = [
    "sys_platform == 'linux' or sys_platform == 'win32'",
]

[[package]]
name = "torchmetrics"
version = "1.5.0"
source = { registry = "https://pypi.org/simple" }
dependencies = [
    { name = "lightning-utilities" },
    { name = "numpy" },
    { name = "packaging" },
    { name = "torch", version = "2.11.0", source = { registry = "https://pypi.org/simple" }, marker = "sys_platform != 'linux' and sys_platform != 'win32'" },
    { name = "torch", version = "2.11.0+cu126", source = { registry = "https://download.pytorch.org/whl/cu126" }, marker = "sys_platform == 'linux' or sys_platform == 'win32'" },
]

[[package]]
name = "tqdm"
version = "4.70.0"
source = { registry = "https://pypi.org/simple" }
dependencies = [
    { name = "colorama", marker = "sys_platform == 'win32'" },
]

[[package]]
name = "transformers"
version = "4.50.0"
source = { registry = "https://pypi.org/simple" }
dependencies = [
    { name = "filelock" },
    { name = "huggingface-hub" },
    { name = "numpy" },
    { name = "packaging" },
    { name = "pyyaml" },
    { name = "regex" },
    { name = "requests" },
    { name = "safetensors" },
    { name = "tokenizers" },
    { name = "tqdm" },
]

[[package]]
name = "translateit-worker-runtime"
version = "0.0.0"
source = { virtual = "." }
dependencies = [
    { name = "cn2an" },
    { name = "ctranslate2" },
    { name = "fast-langdetect" },
    { name = "faster-whisper" },
    { name = "ffmpeg-python" },
    { name = "g2p-en" },
    { name = "jieba" },
    { name = "jieba-fast" },
    { name = "librosa" },
    { name = "matplotlib" },
    { name = "numba" },
    { name = "numpy" },
    { name = "pandas" },
    { name = "peft" },
    { name = "psutil" },
    { name = "pypinyin" },
    { name = "pytorch-lightning" },
    { name = "pyyaml" },
    { name = "rotary-embedding-torch" },
    { name = "sacremoses" },
    { name = "scipy" },
    { name = "sentencepiece" },
    { name = "soundfile" },
    { name = "split-lang" },
    { name = "tensorboard" },
    { name = "torch", version = "2.11.0", source = { registry = "https://pypi.org/simple" }, marker = "sys_platform != 'linux' and sys_platform != 'win32'" },
    { name = "torch", version = "2.11.0+cu126", source = { registry = "https://download.pytorch.org/whl/cu126" }, marker = "sys_platform == 'linux' or sys_platform == 'win32'" },
    { name = "torchaudio", version = "2.11.0", source = { registry = "https://pypi.org/simple" }, marker = "sys_platform != 'linux' and sys_platform != 'win32'" },
    { name = "torchaudio", version = "2.11.0+cu126", source = { registry = "https://download.pytorch.org/whl/cu126" }, marker = "sys_platform == 'linux' or sys_platform == 'win32'" },
    { name = "torchmetrics" },
    { name = "tqdm" },
    { name = "transformers" },
    { name = "wordsegment" },
    { name = "x-transformers" },
]

[package.dev-dependencies]
dev = [
    { name = "huggingface-hub" },
    { name = "pytest" },
    { name = "ruff" },
]

[package.metadata]
requires-dist = [
    { name = "cn2an" },
    { name = "ctranslate2", specifier = "==4.8.1" },
    { name = "fast-langdetect", specifier = ">=0.3.1" },
    { name = "faster-whisper", specifier = ">=1.0.0" },
    { name = "ffmpeg-python" },
    { name = "g2p-en" },
    { name = "jieba" },
    { name = "jieba-fast" },
    { name = "librosa", specifier = "==0.10.2" },
    { name = "matplotlib" },
    { name = "numba" },
    { name = "numpy", specifier = "<2.0" },
    { name = "pandas" },
    { name = "peft", specifier = "<0.18.0" },
    { name = "psutil" },
    { name = "pypinyin" },
    { name = "pytorch-lightning", specifier = ">=2.4" },
    { name = "pyyaml" },
    { name = "rotary-embedding-torch" },
    { name = "sacremoses" },
    { name = "scipy" },
    { name = "sentencepiece" },
    { name = "soundfile" },
    { name = "split-lang" },
    { name = "tensorboard" },
    { name = "torch", marker = "sys_platform != 'linux' and sys_platform != 'win32'", specifier = "==2.11.0" },
    { name = "torch", marker = "sys_platform == 'linux' or sys_platform == 'win32'", specifier = "==2.11.0", index = "https://download.pytorch.org/whl/cu126" },
    { name = "torchaudio", marker = "sys_platform != 'linux' and sys_platform != 'win32'", specifier = "==2.11.0" },
    { name = "torchaudio", marker = "sys_platform == 'linux' or sys_platform == 'win32'", specifier = "==2.11.0", index = "https://download.pytorch.org/whl/cu126" },
    { name = "torchmetrics", specifier = "<=1.5" },
    { name = "tqdm" },
    { name = "transformers", specifier = ">=4.44.0,<=4.50.0" },
    { name = "wordsegment" },
    { name = "x-transformers" },
]

[package.metadata.requires-dev]
dev = [
    { name = "huggingface-hub" },
    { name = "pytest" },
    { name = "ruff" },
]

[[package]]
name = "triton"
version = "3.6.0"
source = { registry = "https://pypi.org/simple" }

[[package]]
name = "typeguard"
version = "4.6.0"
source = { registry = "https://pypi.org/simple" }
dependencies = [
    { name = "typing-extensions" },
]

[[package]]
name = "typing-extensions"
version = "4.16.0"
source = { registry = "https://pypi.org/simple" }

[[package]]
name = "typing-inspection"
version = "0.4.4"
source = { registry = "https://pypi.org/simple" }
dependencies = [
    { name = "typing-extensions" },
]

[[package]]
name = "tzdata"
version = "2026.3"
source = { registry = "https://pypi.org/simple" }

[[package]]
name = "urllib3"
version = "2.7.0"
source = { registry = "https://pypi.org/simple" }

[[package]]
name = "werkzeug"
version = "3.1.8"
source = { registry = "https://pypi.org/simple" }
dependencies = [
    { name = "markupsafe" },
]

[[package]]
name = "win32-setctime"
version = "1.2.0"
source = { registry = "https://pypi.org/simple" }

[[package]]
name = "wordsegment"
version = "1.3.1"
source = { registry = "https://pypi.org/simple" }

[[package]]
name = "x-transformers"
version = "2.25.5"
source = { registry = "https://pypi.org/simple" }
dependencies = [
    { name = "einops" },
    { name = "einx" },
    { name = "loguru" },
    { name = "packaging" },
    { name = "torch", version = "2.11.0", source = { registry = "https://pypi.org/simple" }, marker = "sys_platform != 'linux' and sys_platform != 'win32'" },
    { name = "torch", version = "2.11.0+cu126", source = { registry = "https://download.pytorch.org/whl/cu126" }, marker = "sys_platform == 'linux' or sys_platform == 'win32'" },
    { name = "torch-einops-utils" },
]

[[package]]
name = "yarl"
version = "1.24.5"
source = { registry = "https://pypi.org/simple" }
dependencies = [
    { name = "idna" },
    { name = "multidict" },
    { name = "propcache" },
]
